
Microsoft Visual Studio Solution File, Format Version 12.00
# Visual Studio Version 17
VisualStudioVersion = 17.5.002.0
MinimumVisualStudioVersion = 10.0.40219.1
Project("{9A19103F-16F7-4668-BE54-9A1E7A4F7556}") = "managerFunction", "managerFunction.csproj", "{03081E4A-5E80-4408-837A-EBA3D7AD8144}"
EndProject
Global
	GlobalSection(SolutionConfigurationPlatforms) = preSolution
		Debug|Any CPU = Debug|Any CPU
		Release|Any CPU = Release|Any CPU
	EndGlobalSection
	GlobalSection(ProjectConfigurationPlatforms) = postSolution
		{03081E4A-5E80-4408-837A-EBA3D7AD8144}.Debug|Any CPU.ActiveCfg = Debug|Any CPU
		{03081E4A-5E80-4408-837A-EBA3D7AD8144}.Debug|Any CPU.Build.0 = Debug|Any CPU
		{03081E4A-5E80-4408-837A-EBA3D7AD8144}.Release|Any CPU.ActiveCfg = Release|Any CPU
		{03081E4A-5E80-4408-837A-EBA3D7AD8144}.Release|Any CPU.Build.0 = Release|Any CPU
	EndGlobalSection
	GlobalSection(SolutionProperties) = preSolution
		HideSolutionNode = FALSE
	EndGlobalSection
	GlobalSection(ExtensibilityGlobals) = postSolution
		SolutionGuid = {932D72D7-A8CC-46D1-9397-B35B7D44CBC3}
	EndGlobalSection
EndGlobal
